
Microsoft Visual Studio Solution File, Format Version 12.00
# Visual Studio 15
VisualStudioVersion = 15.0.28307.136
MinimumVisualStudioVersion = 10.0.40219.1
Project("{9A19103F-16F7-4668-BE54-9A1E7A4F7556}") = "ShipmentSolution", "ShipmentSolution\ShipmentSolution.csproj", "{C20841ED-638F-4C63-9C97-AC00C7501B95}"
EndProject
Global
	GlobalSection(SolutionConfigurationPlatforms) = preSolution
		Debug|Any CPU = Debug|Any CPU
		Release|Any CPU = Release|Any CPU
	EndGlobalSection
	GlobalSection(ProjectConfigurationPlatforms) = postSolution
		{C20841ED-638F-4C63-9C97-AC00C7501B95}.Debug|Any CPU.ActiveCfg = Debug|Any CPU
		{C20841ED-638F-4C63-9C97-AC00C7501B95}.Debug|Any CPU.Build.0 = Debug|Any CPU
		{C20841ED-638F-4C63-9C97-AC00C7501B95}.Release|Any CPU.ActiveCfg = Release|Any CPU
		{C20841ED-638F-4C63-9C97-AC00C7501B95}.Release|Any CPU.Build.0 = Release|Any CPU
	EndGlobalSection
	GlobalSection(SolutionProperties) = preSolution
		HideSolutionNode = FALSE
	EndGlobalSection
	GlobalSection(ExtensibilityGlobals) = postSolution
		SolutionGuid = {371F01DC-2619-4683-B40F-581844673C36}
	EndGlobalSection
EndGlobal
